
Microsoft Visual Studio Solution File, Format Version 12.00
# Visual Studio Version 17
VisualStudioVersion = 17.7.34202.233
MinimumVisualStudioVersion = 10.0.40219.1
Project("{9A19103F-16F7-4668-BE54-9A1E7A4F7556}") = "EntitiyLayer", "EntitiyLayer\EntitiyLayer.csproj", "{20E9D5B4-6347-49E7-B5E7-F31C4131F18D}"
EndProject
Project("{9A19103F-16F7-4668-BE54-9A1E7A4F7556}") = "DataAccesLayer", "DataAccesLayer\DataAccesLayer.csproj", "{3C4F9871-202D-492F-ADE2-BA4FD9ACCF73}"
EndProject
Project("{9A19103F-16F7-4668-BE54-9A1E7A4F7556}") = "BusinessLayer", "BusinessLayer\BusinessLayer.csproj", "{DD2FDA97-62AD-4070-834F-011AC447184C}"
EndProject
Project("{9A19103F-16F7-4668-BE54-9A1E7A4F7556}") = "CoreLayer", "CoreLayer\CoreLayer.csproj", "{DC520184-36E2-4434-8D66-CA494FD4DAC7}"
EndProject
Project("{9A19103F-16F7-4668-BE54-9A1E7A4F7556}") = "Webproject", "Webproject\Webproject.csproj", "{3F0DF084-1874-4E2C-8513-4DC1B2EC8C94}"
EndProject
Project("{9A19103F-16F7-4668-BE54-9A1E7A4F7556}") = "BlogApi", "BlogApi\BlogApi.csproj", "{23B7CAAC-1B01-4D2D-B1E1-5C6D636330F9}"
EndProject
Global
	GlobalSection(SolutionConfigurationPlatforms) = preSolution
		Debug|Any CPU = Debug|Any CPU
		Debug|x64 = Debug|x64
		Release|Any CPU = Release|Any CPU
		Release|x64 = Release|x64
	EndGlobalSection
	GlobalSection(ProjectConfigurationPlatforms) = postSolution
		{20E9D5B4-6347-49E7-B5E7-F31C4131F18D}.Debug|Any CPU.ActiveCfg = Debug|Any CPU
		{20E9D5B4-6347-49E7-B5E7-F31C4131F18D}.Debug|Any CPU.Build.0 = Debug|Any CPU
		{20E9D5B4-6347-49E7-B5E7-F31C4131F18D}.Debug|x64.ActiveCfg = Debug|x64
		{20E9D5B4-6347-49E7-B5E7-F31C4131F18D}.Debug|x64.Build.0 = Debug|x64
		{20E9D5B4-6347-49E7-B5E7-F31C4131F18D}.Release|Any CPU.ActiveCfg = Release|Any CPU
		{20E9D5B4-6347-49E7-B5E7-F31C4131F18D}.Release|Any CPU.Build.0 = Release|Any CPU
		{20E9D5B4-6347-49E7-B5E7-F31C4131F18D}.Release|x64.ActiveCfg = Release|x64
		{20E9D5B4-6347-49E7-B5E7-F31C4131F18D}.Release|x64.Build.0 = Release|x64
		{3C4F9871-202D-492F-ADE2-BA4FD9ACCF73}.Debug|Any CPU.ActiveCfg = Debug|Any CPU
		{3C4F9871-202D-492F-ADE2-BA4FD9ACCF73}.Debug|Any CPU.Build.0 = Debug|Any CPU
		{3C4F9871-202D-492F-ADE2-BA4FD9ACCF73}.Debug|x64.ActiveCfg = Debug|x64
		{3C4F9871-202D-492F-ADE2-BA4FD9ACCF73}.Debug|x64.Build.0 = Debug|x64
		{3C4F9871-202D-492F-ADE2-BA4FD9ACCF73}.Release|Any CPU.ActiveCfg = Release|Any CPU
		{3C4F9871-202D-492F-ADE2-BA4FD9ACCF73}.Release|Any CPU.Build.0 = Release|Any CPU
		{3C4F9871-202D-492F-ADE2-BA4FD9ACCF73}.Release|x64.ActiveCfg = Release|x64
		{3C4F9871-202D-492F-ADE2-BA4FD9ACCF73}.Release|x64.Build.0 = Release|x64
		{DD2FDA97-62AD-4070-834F-011AC447184C}.Debug|Any CPU.ActiveCfg = Debug|Any CPU
		{DD2FDA97-62AD-4070-834F-011AC447184C}.Debug|Any CPU.Build.0 = Debug|Any CPU
		{DD2FDA97-62AD-4070-834F-011AC447184C}.Debug|x64.ActiveCfg = Debug|x64
		{DD2FDA97-62AD-4070-834F-011AC447184C}.Debug|x64.Build.0 = Debug|x64
		{DD2FDA97-62AD-4070-834F-011AC447184C}.Release|Any CPU.ActiveCfg = Release|Any CPU
		{DD2FDA97-62AD-4070-834F-011AC447184C}.Release|Any CPU.Build.0 = Release|Any CPU
		{DD2FDA97-62AD-4070-834F-011AC447184C}.Release|x64.ActiveCfg = Release|x64
		{DD2FDA97-62AD-4070-834F-011AC447184C}.Release|x64.Build.0 = Release|x64
		{DC520184-36E2-4434-8D66-CA494FD4DAC7}.Debug|Any CPU.ActiveCfg = Debug|Any CPU
		{DC520184-36E2-4434-8D66-CA494FD4DAC7}.Debug|Any CPU.Build.0 = Debug|Any CPU
		{DC520184-36E2-4434-8D66-CA494FD4DAC7}.Debug|x64.ActiveCfg = Debug|x64
		{DC520184-36E2-4434-8D66-CA494FD4DAC7}.Debug|x64.Build.0 = Debug|x64
		{DC520184-36E2-4434-8D66-CA494FD4DAC7}.Release|Any CPU.ActiveCfg = Release|Any CPU
		{DC520184-36E2-4434-8D66-CA494FD4DAC7}.Release|Any CPU.Build.0 = Release|Any CPU
		{DC520184-36E2-4434-8D66-CA494FD4DAC7}.Release|x64.ActiveCfg = Release|x64
		{DC520184-36E2-4434-8D66-CA494FD4DAC7}.Release|x64.Build.0 = Release|x64
		{3F0DF084-1874-4E2C-8513-4DC1B2EC8C94}.Debug|Any CPU.ActiveCfg = Debug|Any CPU
		{3F0DF084-1874-4E2C-8513-4DC1B2EC8C94}.Debug|Any CPU.Build.0 = Debug|Any CPU
		{3F0DF084-1874-4E2C-8513-4DC1B2EC8C94}.Debug|x64.ActiveCfg = Debug|x64
		{3F0DF084-1874-4E2C-8513-4DC1B2EC8C94}.Debug|x64.Build.0 = Debug|x64
		{3F0DF084-1874-4E2C-8513-4DC1B2EC8C94}.Release|Any CPU.ActiveCfg = Release|Any CPU
		{3F0DF084-1874-4E2C-8513-4DC1B2EC8C94}.Release|Any CPU.Build.0 = Release|Any CPU
		{3F0DF084-1874-4E2C-8513-4DC1B2EC8C94}.Release|x64.ActiveCfg = Release|x64
		{3F0DF084-1874-4E2C-8513-4DC1B2EC8C94}.Release|x64.Build.0 = Release|x64
		{23B7CAAC-1B01-4D2D-B1E1-5C6D636330F9}.Debug|Any CPU.ActiveCfg = Debug|Any CPU
		{23B7CAAC-1B01-4D2D-B1E1-5C6D636330F9}.Debug|Any CPU.Build.0 = Debug|Any CPU
		{23B7CAAC-1B01-4D2D-B1E1-5C6D636330F9}.Debug|x64.ActiveCfg = Debug|Any CPU
		{23B7CAAC-1B01-4D2D-B1E1-5C6D636330F9}.Debug|x64.Build.0 = Debug|Any CPU
		{23B7CAAC-1B01-4D2D-B1E1-5C6D636330F9}.Release|Any CPU.ActiveCfg = Release|Any CPU
		{23B7CAAC-1B01-4D2D-B1E1-5C6D636330F9}.Release|Any CPU.Build.0 = Release|Any CPU
		{23B7CAAC-1B01-4D2D-B1E1-5C6D636330F9}.Release|x64.ActiveCfg = Release|Any CPU
		{23B7CAAC-1B01-4D2D-B1E1-5C6D636330F9}.Release|x64.Build.0 = Release|Any CPU
	EndGlobalSection
	GlobalSection(SolutionProperties) = preSolution
		HideSolutionNode = FALSE
	EndGlobalSection
	GlobalSection(ExtensibilityGlobals) = postSolution
		SolutionGuid = {CDAF687D-4ED5-413A-8F3D-E52DBE427226}
	EndGlobalSection
EndGlobal
